
Microsoft Visual Studio Solution File, Format Version 12.00
# Visual Studio Version 17
VisualStudioVersion = 17.13.35825.156 d17.13
MinimumVisualStudioVersion = 10.0.40219.1
Project("{FAE04EC0-301F-11D3-BF4B-00C04F79EFBC}") = "NetCoreMvcMultiTemplates", "NetCoreMvcMultiTemplates\NetCoreMvcMultiTemplates.csproj", "{DEE912E7-8238-44D1-93D6-0E8210FF54C9}"
EndProject
Global
	GlobalSection(SolutionConfigurationPlatforms) = preSolution
		Debug|Any CPU = Debug|Any CPU
		Release|Any CPU = Release|Any CPU
	EndGlobalSection
	GlobalSection(ProjectConfigurationPlatforms) = postSolution
		{DEE912E7-8238-44D1-93D6-0E8210FF54C9}.Debug|Any CPU.ActiveCfg = Debug|Any CPU
		{DEE912E7-8238-44D1-93D6-0E8210FF54C9}.Debug|Any CPU.Build.0 = Debug|Any CPU
		{DEE912E7-8238-44D1-93D6-0E8210FF54C9}.Release|Any CPU.ActiveCfg = Release|Any CPU
		{DEE912E7-8238-44D1-93D6-0E8210FF54C9}.Release|Any CPU.Build.0 = Release|Any CPU
	EndGlobalSection
	GlobalSection(SolutionProperties) = preSolution
		HideSolutionNode = FALSE
	EndGlobalSection
	GlobalSection(ExtensibilityGlobals) = postSolution
		SolutionGuid = {F1628902-55EF-493C-A98F-D0AEDEC4ED36}
	EndGlobalSection
EndGlobal
